
Microsoft Visual Studio Solution File, Format Version 12.00
Project("{FAE04EC0-301F-11D3-BF4B-00C04F79EFBC}") = "Senlin.Mo.Localization", "src\Senlin.Mo.Localization\Senlin.Mo.Localization.csproj", "{361DB9DD-6ADC-47FA-BB21-E2767F8822DB}"
EndProject
Project("{2150E333-8FDC-42A3-9474-1A3956D46DE8}") = "src", "src", "{C9FA60DF-E387-4C31-80DC-C63D9E8FC0B9}"
EndProject
Project("{FAE04EC0-301F-11D3-BF4B-00C04F79EFBC}") = "Senlin.Mo.Localization.Abstractions", "src\Senlin.Mo.Localization.Abstractions\Senlin.Mo.Localization.Abstractions.csproj", "{75C63F2D-87DF-414B-8719-D7350271C67E}"
EndProject
Project("{FAE04EC0-301F-11D3-BF4B-00C04F79EFBC}") = "Senlin.Mo", "src\Senlin.Mo\Senlin.Mo.csproj", "{5FBD06A0-9B17-43AC-B547-D5649D6E7DE7}"
EndProject
Project("{2150E333-8FDC-42A3-9474-1A3956D46DE8}") = "test", "test", "{F1B2D622-5A2D-4867-B1A2-02A71023EDBE}"
EndProject
Project("{FAE04EC0-301F-11D3-BF4B-00C04F79EFBC}") = "Senlin.Mo.Localization.Test", "test\Senlin.Mo.Localization.Test\Senlin.Mo.Localization.Test.csproj", "{3796981F-1CEF-44B6-B67D-2A84BAC16813}"
EndProject
Project("{2150E333-8FDC-42A3-9474-1A3956D46DE8}") = "solution", "solution", "{0D67102F-2238-4D47-8B0D-D3DBD9754BE3}"
	ProjectSection(SolutionItems) = preProject
		.gitignore = .gitignore
		README.md = README.md
		README.zh.md = README.zh.md
		license.txt = license.txt
		docker-compose.yaml = docker-compose.yaml
	EndProjectSection
EndProject
Project("{FAE04EC0-301F-11D3-BF4B-00C04F79EFBC}") = "Senlin.Mo.Domain", "src\Senlin.Mo.Domain\Senlin.Mo.Domain.csproj", "{3D69E36E-FE76-405C-A2B0-EF843467D589}"
EndProject
Project("{FAE04EC0-301F-11D3-BF4B-00C04F79EFBC}") = "Senlin.Mo.Application.Abstractions", "src\Senlin.Mo.Application.Abstractions\Senlin.Mo.Application.Abstractions.csproj", "{4978B11B-DDAB-4840-A7DB-6D12B26636B1}"
EndProject
Project("{FAE04EC0-301F-11D3-BF4B-00C04F79EFBC}") = "Senlin.Mo.Repository.Abstractions", "src\Senlin.Mo.Repository.Abstractions\Senlin.Mo.Repository.Abstractions.csproj", "{E60468DC-A2DD-4A90-8F40-32E71FFAA1F4}"
EndProject
Project("{FAE04EC0-301F-11D3-BF4B-00C04F79EFBC}") = "Senlin.Mo.Repository.EFCore", "src\Senlin.Mo.Repository.EFCore\Senlin.Mo.Repository.EFCore.csproj", "{58AECBC0-9CAE-4488-8E8A-0E87423F64E7}"
EndProject
Project("{FAE04EC0-301F-11D3-BF4B-00C04F79EFBC}") = "Senlin.Mo.Repository.EFCore.MySQL", "src\Senlin.Mo.Repository.EFCore.MySQL\Senlin.Mo.Repository.EFCore.MySQL.csproj", "{8285A040-4D63-45E4-93F3-81EC6DA4A219}"
EndProject
Project("{FAE04EC0-301F-11D3-BF4B-00C04F79EFBC}") = "Senlin.Mo.Module", "src\Senlin.Mo.Module\Senlin.Mo.Module.csproj", "{883ACA08-B1F6-4316-A94D-3E9094C22088}"
EndProject
Global
	GlobalSection(SolutionConfigurationPlatforms) = preSolution
		Debug|Any CPU = Debug|Any CPU
		Release|Any CPU = Release|Any CPU
	EndGlobalSection
	GlobalSection(ProjectConfigurationPlatforms) = postSolution
		{361DB9DD-6ADC-47FA-BB21-E2767F8822DB}.Debug|Any CPU.ActiveCfg = Debug|Any CPU
		{361DB9DD-6ADC-47FA-BB21-E2767F8822DB}.Debug|Any CPU.Build.0 = Debug|Any CPU
		{361DB9DD-6ADC-47FA-BB21-E2767F8822DB}.Release|Any CPU.ActiveCfg = Release|Any CPU
		{361DB9DD-6ADC-47FA-BB21-E2767F8822DB}.Release|Any CPU.Build.0 = Release|Any CPU
		{75C63F2D-87DF-414B-8719-D7350271C67E}.Debug|Any CPU.ActiveCfg = Debug|Any CPU
		{75C63F2D-87DF-414B-8719-D7350271C67E}.Debug|Any CPU.Build.0 = Debug|Any CPU
		{75C63F2D-87DF-414B-8719-D7350271C67E}.Release|Any CPU.ActiveCfg = Release|Any CPU
		{75C63F2D-87DF-414B-8719-D7350271C67E}.Release|Any CPU.Build.0 = Release|Any CPU
		{5FBD06A0-9B17-43AC-B547-D5649D6E7DE7}.Debug|Any CPU.ActiveCfg = Debug|Any CPU
		{5FBD06A0-9B17-43AC-B547-D5649D6E7DE7}.Debug|Any CPU.Build.0 = Debug|Any CPU
		{5FBD06A0-9B17-43AC-B547-D5649D6E7DE7}.Release|Any CPU.ActiveCfg = Release|Any CPU
		{5FBD06A0-9B17-43AC-B547-D5649D6E7DE7}.Release|Any CPU.Build.0 = Release|Any CPU
		{3796981F-1CEF-44B6-B67D-2A84BAC16813}.Debug|Any CPU.ActiveCfg = Debug|Any CPU
		{3796981F-1CEF-44B6-B67D-2A84BAC16813}.Debug|Any CPU.Build.0 = Debug|Any CPU
		{3796981F-1CEF-44B6-B67D-2A84BAC16813}.Release|Any CPU.ActiveCfg = Release|Any CPU
		{3796981F-1CEF-44B6-B67D-2A84BAC16813}.Release|Any CPU.Build.0 = Release|Any CPU
		{3D69E36E-FE76-405C-A2B0-EF843467D589}.Debug|Any CPU.ActiveCfg = Debug|Any CPU
		{3D69E36E-FE76-405C-A2B0-EF843467D589}.Debug|Any CPU.Build.0 = Debug|Any CPU
		{3D69E36E-FE76-405C-A2B0-EF843467D589}.Release|Any CPU.ActiveCfg = Release|Any CPU
		{3D69E36E-FE76-405C-A2B0-EF843467D589}.Release|Any CPU.Build.0 = Release|Any CPU
		{4978B11B-DDAB-4840-A7DB-6D12B26636B1}.Debug|Any CPU.ActiveCfg = Debug|Any CPU
		{4978B11B-DDAB-4840-A7DB-6D12B26636B1}.Debug|Any CPU.Build.0 = Debug|Any CPU
		{4978B11B-DDAB-4840-A7DB-6D12B26636B1}.Release|Any CPU.ActiveCfg = Release|Any CPU
		{4978B11B-DDAB-4840-A7DB-6D12B26636B1}.Release|Any CPU.Build.0 = Release|Any CPU
		{E60468DC-A2DD-4A90-8F40-32E71FFAA1F4}.Debug|Any CPU.ActiveCfg = Debug|Any CPU
		{E60468DC-A2DD-4A90-8F40-32E71FFAA1F4}.Debug|Any CPU.Build.0 = Debug|Any CPU
		{E60468DC-A2DD-4A90-8F40-32E71FFAA1F4}.Release|Any CPU.ActiveCfg = Release|Any CPU
		{E60468DC-A2DD-4A90-8F40-32E71FFAA1F4}.Release|Any CPU.Build.0 = Release|Any CPU
		{58AECBC0-9CAE-4488-8E8A-0E87423F64E7}.Debug|Any CPU.ActiveCfg = Debug|Any CPU
		{58AECBC0-9CAE-4488-8E8A-0E87423F64E7}.Debug|Any CPU.Build.0 = Debug|Any CPU
		{58AECBC0-9CAE-4488-8E8A-0E87423F64E7}.Release|Any CPU.ActiveCfg = Release|Any CPU
		{58AECBC0-9CAE-4488-8E8A-0E87423F64E7}.Release|Any CPU.Build.0 = Release|Any CPU
		{8285A040-4D63-45E4-93F3-81EC6DA4A219}.Debug|Any CPU.ActiveCfg = Debug|Any CPU
		{8285A040-4D63-45E4-93F3-81EC6DA4A219}.Debug|Any CPU.Build.0 = Debug|Any CPU
		{8285A040-4D63-45E4-93F3-81EC6DA4A219}.Release|Any CPU.ActiveCfg = Release|Any CPU
		{8285A040-4D63-45E4-93F3-81EC6DA4A219}.Release|Any CPU.Build.0 = Release|Any CPU
		{883ACA08-B1F6-4316-A94D-3E9094C22088}.Debug|Any CPU.ActiveCfg = Debug|Any CPU
		{883ACA08-B1F6-4316-A94D-3E9094C22088}.Debug|Any CPU.Build.0 = Debug|Any CPU
		{883ACA08-B1F6-4316-A94D-3E9094C22088}.Release|Any CPU.ActiveCfg = Release|Any CPU
		{883ACA08-B1F6-4316-A94D-3E9094C22088}.Release|Any CPU.Build.0 = Release|Any CPU
	EndGlobalSection
	GlobalSection(NestedProjects) = preSolution
		{361DB9DD-6ADC-47FA-BB21-E2767F8822DB} = {C9FA60DF-E387-4C31-80DC-C63D9E8FC0B9}
		{75C63F2D-87DF-414B-8719-D7350271C67E} = {C9FA60DF-E387-4C31-80DC-C63D9E8FC0B9}
		{5FBD06A0-9B17-43AC-B547-D5649D6E7DE7} = {C9FA60DF-E387-4C31-80DC-C63D9E8FC0B9}
		{3796981F-1CEF-44B6-B67D-2A84BAC16813} = {F1B2D622-5A2D-4867-B1A2-02A71023EDBE}
		{3D69E36E-FE76-405C-A2B0-EF843467D589} = {C9FA60DF-E387-4C31-80DC-C63D9E8FC0B9}
		{4978B11B-DDAB-4840-A7DB-6D12B26636B1} = {C9FA60DF-E387-4C31-80DC-C63D9E8FC0B9}
		{E60468DC-A2DD-4A90-8F40-32E71FFAA1F4} = {C9FA60DF-E387-4C31-80DC-C63D9E8FC0B9}
		{58AECBC0-9CAE-4488-8E8A-0E87423F64E7} = {C9FA60DF-E387-4C31-80DC-C63D9E8FC0B9}
		{8285A040-4D63-45E4-93F3-81EC6DA4A219} = {C9FA60DF-E387-4C31-80DC-C63D9E8FC0B9}
		{883ACA08-B1F6-4316-A94D-3E9094C22088} = {C9FA60DF-E387-4C31-80DC-C63D9E8FC0B9}
	EndGlobalSection
EndGlobal
